
Microsoft Visual Studio Solution File, Format Version 12.00
# Visual Studio 2013
VisualStudioVersion = 12.0.21005.1
MinimumVisualStudioVersion = 10.0.40219.1
Project("{FAE04EC0-301F-11D3-BF4B-00C04F79EFBC}") = "DarkDefenders.IntegrationTests", "DarkDefenders.IntegrationTests\DarkDefenders.IntegrationTests.csproj", "{B7E1B313-A76C-4BAC-88B1-A09BCA57641D}"
EndProject
Project("{FAE04EC0-301F-11D3-BF4B-00C04F79EFBC}") = "DarkDefenders.Domain", "DarkDefenders.Domain\DarkDefenders.Domain.csproj", "{27F91716-3957-49C9-94BB-8AA160BF96AA}"
EndProject
Project("{2150E333-8FDC-42A3-9474-1A3956D46DE8}") = "Infrastructure", "Infrastructure", "{BC354A87-095F-4CB1-AACF-2611A8A79612}"
EndProject
Project("{FAE04EC0-301F-11D3-BF4B-00C04F79EFBC}") = "Infrastructure.Util", "Infrastructure.Util\Infrastructure.Util.csproj", "{0B407BC3-7B5B-431A-96E7-A41F25AB27BE}"
EndProject
Project("{FAE04EC0-301F-11D3-BF4B-00C04F79EFBC}") = "Infrastructure.Math", "Infrastructure.Math\Infrastructure.Math.csproj", "{9DA761FD-492C-4BF7-A50D-10930664021D}"
EndProject
Project("{FAE04EC0-301F-11D3-BF4B-00C04F79EFBC}") = "Infrastructure.DDDES", "Infrastructure.DDDES\Infrastructure.DDDES.csproj", "{457CCF4D-7E52-4A7F-867C-13BAC32E13F0}"
EndProject
Project("{FAE04EC0-301F-11D3-BF4B-00C04F79EFBC}") = "Infrastructure.DDDES.Implementations", "Infrastructure.DDDES.Implementations\Infrastructure.DDDES.Implementations.csproj", "{5E4CA423-37F5-4B6A-B00C-0ADC06EC0378}"
EndProject
Project("{FAE04EC0-301F-11D3-BF4B-00C04F79EFBC}") = "Infrastructure.Concurrent", "Infrastructure.Concurrent\Infrastructure.Concurrent.csproj", "{CB8FB90D-74E6-4E06-9870-6CEDF49A2E64}"
EndProject
Project("{FAE04EC0-301F-11D3-BF4B-00C04F79EFBC}") = "DarkDefenders.Console", "DarkDefenders.Console\DarkDefenders.Console.csproj", "{D29A2BF6-40D4-4405-9E40-C1EC8BC91705}"
EndProject
Global
	GlobalSection(SolutionConfigurationPlatforms) = preSolution
		Debug|Any CPU = Debug|Any CPU
		Release|Any CPU = Release|Any CPU
	EndGlobalSection
	GlobalSection(ProjectConfigurationPlatforms) = postSolution
		{B7E1B313-A76C-4BAC-88B1-A09BCA57641D}.Debug|Any CPU.ActiveCfg = Debug|Any CPU
		{B7E1B313-A76C-4BAC-88B1-A09BCA57641D}.Debug|Any CPU.Build.0 = Debug|Any CPU
		{B7E1B313-A76C-4BAC-88B1-A09BCA57641D}.Release|Any CPU.ActiveCfg = Release|Any CPU
		{B7E1B313-A76C-4BAC-88B1-A09BCA57641D}.Release|Any CPU.Build.0 = Release|Any CPU
		{27F91716-3957-49C9-94BB-8AA160BF96AA}.Debug|Any CPU.ActiveCfg = Debug|Any CPU
		{27F91716-3957-49C9-94BB-8AA160BF96AA}.Debug|Any CPU.Build.0 = Debug|Any CPU
		{27F91716-3957-49C9-94BB-8AA160BF96AA}.Release|Any CPU.ActiveCfg = Release|Any CPU
		{27F91716-3957-49C9-94BB-8AA160BF96AA}.Release|Any CPU.Build.0 = Release|Any CPU
		{0B407BC3-7B5B-431A-96E7-A41F25AB27BE}.Debug|Any CPU.ActiveCfg = Debug|Any CPU
		{0B407BC3-7B5B-431A-96E7-A41F25AB27BE}.Debug|Any CPU.Build.0 = Debug|Any CPU
		{0B407BC3-7B5B-431A-96E7-A41F25AB27BE}.Release|Any CPU.ActiveCfg = Release|Any CPU
		{0B407BC3-7B5B-431A-96E7-A41F25AB27BE}.Release|Any CPU.Build.0 = Release|Any CPU
		{9DA761FD-492C-4BF7-A50D-10930664021D}.Debug|Any CPU.ActiveCfg = Debug|Any CPU
		{9DA761FD-492C-4BF7-A50D-10930664021D}.Debug|Any CPU.Build.0 = Debug|Any CPU
		{9DA761FD-492C-4BF7-A50D-10930664021D}.Release|Any CPU.ActiveCfg = Release|Any CPU
		{9DA761FD-492C-4BF7-A50D-10930664021D}.Release|Any CPU.Build.0 = Release|Any CPU
		{457CCF4D-7E52-4A7F-867C-13BAC32E13F0}.Debug|Any CPU.ActiveCfg = Debug|Any CPU
		{457CCF4D-7E52-4A7F-867C-13BAC32E13F0}.Debug|Any CPU.Build.0 = Debug|Any CPU
		{457CCF4D-7E52-4A7F-867C-13BAC32E13F0}.Release|Any CPU.ActiveCfg = Release|Any CPU
		{457CCF4D-7E52-4A7F-867C-13BAC32E13F0}.Release|Any CPU.Build.0 = Release|Any CPU
		{5E4CA423-37F5-4B6A-B00C-0ADC06EC0378}.Debug|Any CPU.ActiveCfg = Debug|Any CPU
		{5E4CA423-37F5-4B6A-B00C-0ADC06EC0378}.Debug|Any CPU.Build.0 = Debug|Any CPU
		{5E4CA423-37F5-4B6A-B00C-0ADC06EC0378}.Release|Any CPU.ActiveCfg = Release|Any CPU
		{5E4CA423-37F5-4B6A-B00C-0ADC06EC0378}.Release|Any CPU.Build.0 = Release|Any CPU
		{CB8FB90D-74E6-4E06-9870-6CEDF49A2E64}.Debug|Any CPU.ActiveCfg = Debug|Any CPU
		{CB8FB90D-74E6-4E06-9870-6CEDF49A2E64}.Debug|Any CPU.Build.0 = Debug|Any CPU
		{CB8FB90D-74E6-4E06-9870-6CEDF49A2E64}.Release|Any CPU.ActiveCfg = Release|Any CPU
		{CB8FB90D-74E6-4E06-9870-6CEDF49A2E64}.Release|Any CPU.Build.0 = Release|Any CPU
		{D29A2BF6-40D4-4405-9E40-C1EC8BC91705}.Debug|Any CPU.ActiveCfg = Debug|Any CPU
		{D29A2BF6-40D4-4405-9E40-C1EC8BC91705}.Debug|Any CPU.Build.0 = Debug|Any CPU
		{D29A2BF6-40D4-4405-9E40-C1EC8BC91705}.Release|Any CPU.ActiveCfg = Release|Any CPU
		{D29A2BF6-40D4-4405-9E40-C1EC8BC91705}.Release|Any CPU.Build.0 = Release|Any CPU
	EndGlobalSection
	GlobalSection(SolutionProperties) = preSolution
		HideSolutionNode = FALSE
	EndGlobalSection
	GlobalSection(NestedProjects) = preSolution
		{0B407BC3-7B5B-431A-96E7-A41F25AB27BE} = {BC354A87-095F-4CB1-AACF-2611A8A79612}
		{9DA761FD-492C-4BF7-A50D-10930664021D} = {BC354A87-095F-4CB1-AACF-2611A8A79612}
		{457CCF4D-7E52-4A7F-867C-13BAC32E13F0} = {BC354A87-095F-4CB1-AACF-2611A8A79612}
		{5E4CA423-37F5-4B6A-B00C-0ADC06EC0378} = {BC354A87-095F-4CB1-AACF-2611A8A79612}
		{CB8FB90D-74E6-4E06-9870-6CEDF49A2E64} = {BC354A87-095F-4CB1-AACF-2611A8A79612}
	EndGlobalSection
EndGlobal
